
Microsoft Visual Studio Solution File, Format Version 10.00
# Visual Studio 2008
Project("{54435603-DBB4-11D2-8724-00A0C9A8B90C}") = "泡泡堂安装", "泡泡堂安装\泡泡堂安装.vdproj", "{B142751B-B798-489A-9ACD-EB182DF12412}"
EndProject
Global
	GlobalSection(SolutionConfigurationPlatforms) = preSolution
		Debug|Default = Debug|Default
		Release|Default = Release|Default
	EndGlobalSection
	GlobalSection(ProjectConfigurationPlatforms) = postSolution
		{B142751B-B798-489A-9ACD-EB182DF12412}.Debug|Default.ActiveCfg = Debug
		{B142751B-B798-489A-9ACD-EB182DF12412}.Debug|Default.Build.0 = Debug
		{B142751B-B798-489A-9ACD-EB182DF12412}.Release|Default.ActiveCfg = Release
		{B142751B-B798-489A-9ACD-EB182DF12412}.Release|Default.Build.0 = Release
	EndGlobalSection
	GlobalSection(SolutionProperties) = preSolution
		HideSolutionNode = FALSE
	EndGlobalSection
EndGlobal
