
Microsoft Visual Studio Solution File, Format Version 12.00
# Visual Studio 15
VisualStudioVersion = 15.0.28307.421
MinimumVisualStudioVersion = 10.0.40219.1
Project("{FAE04EC0-301F-11D3-BF4B-00C04F79EFBC}") = "泡泡堂", "泡泡堂\泡泡堂.csproj", "{42B99D47-D3C0-4050-9B3C-2C333A812398}"
EndProject
Global
	GlobalSection(SolutionConfigurationPlatforms) = preSolution
		Debug|Any CPU = Debug|Any CPU
		Release|Any CPU = Release|Any CPU
	EndGlobalSection
	GlobalSection(ProjectConfigurationPlatforms) = postSolution
		{42B99D47-D3C0-4050-9B3C-2C333A812398}.Debug|Any CPU.ActiveCfg = Debug|Any CPU
		{42B99D47-D3C0-4050-9B3C-2C333A812398}.Debug|Any CPU.Build.0 = Debug|Any CPU
		{42B99D47-D3C0-4050-9B3C-2C333A812398}.Release|Any CPU.ActiveCfg = Release|Any CPU
		{42B99D47-D3C0-4050-9B3C-2C333A812398}.Release|Any CPU.Build.0 = Release|Any CPU
	EndGlobalSection
	GlobalSection(SolutionProperties) = preSolution
		HideSolutionNode = FALSE
	EndGlobalSection
	GlobalSection(ExtensibilityGlobals) = postSolution
		SolutionGuid = {DD38E42A-9871-4A56-A0C8-1CAE32A9296F}
	EndGlobalSection
EndGlobal
